
Microsoft Visual Studio Solution File, Format Version 12.00
# Visual Studio Version 16
VisualStudioVersion = 16.0.29201.188
MinimumVisualStudioVersion = 10.0.40219.1
Project("{FAE04EC0-301F-11D3-BF4B-00C04F79EFBC}") = "ContactBook", "ContactBook.csproj", "{599C102E-6470-490B-82E5-E162D5D5ABC7}"
EndProject
Project("{FAE04EC0-301F-11D3-BF4B-00C04F79EFBC}") = "ContactBook.Tests", "..\ContactBook.Tests\ContactBook.Tests.csproj", "{81D3B829-1F5B-4F1A-9B46-4FDCEA9ABB07}"
EndProject
Project("{FAE04EC0-301F-11D3-BF4B-00C04F79EFBC}") = "ContactBook.core", "..\ContactBook.core\ContactBook.core.csproj", "{57B71930-24D5-4A4D-B860-35564A3829B5}"
EndProject
Project("{FAE04EC0-301F-11D3-BF4B-00C04F79EFBC}") = "ContactBook.data", "..\ContactBook.data\ContactBook.data.csproj", "{DF5CF519-AECF-4C1E-97B6-04C63F0E87A2}"
EndProject
Project("{FAE04EC0-301F-11D3-BF4B-00C04F79EFBC}") = "ContactBook.services", "..\ContactBook.services\ContactBook.services.csproj", "{56B255EE-6762-4496-B807-258D6171AD2E}"
EndProject
Global
	GlobalSection(SolutionConfigurationPlatforms) = preSolution
		Debug|Any CPU = Debug|Any CPU
		Release|Any CPU = Release|Any CPU
	EndGlobalSection
	GlobalSection(ProjectConfigurationPlatforms) = postSolution
		{599C102E-6470-490B-82E5-E162D5D5ABC7}.Debug|Any CPU.ActiveCfg = Debug|Any CPU
		{599C102E-6470-490B-82E5-E162D5D5ABC7}.Debug|Any CPU.Build.0 = Debug|Any CPU
		{599C102E-6470-490B-82E5-E162D5D5ABC7}.Release|Any CPU.ActiveCfg = Release|Any CPU
		{599C102E-6470-490B-82E5-E162D5D5ABC7}.Release|Any CPU.Build.0 = Release|Any CPU
		{81D3B829-1F5B-4F1A-9B46-4FDCEA9ABB07}.Debug|Any CPU.ActiveCfg = Debug|Any CPU
		{81D3B829-1F5B-4F1A-9B46-4FDCEA9ABB07}.Debug|Any CPU.Build.0 = Debug|Any CPU
		{81D3B829-1F5B-4F1A-9B46-4FDCEA9ABB07}.Release|Any CPU.ActiveCfg = Release|Any CPU
		{81D3B829-1F5B-4F1A-9B46-4FDCEA9ABB07}.Release|Any CPU.Build.0 = Release|Any CPU
		{57B71930-24D5-4A4D-B860-35564A3829B5}.Debug|Any CPU.ActiveCfg = Debug|Any CPU
		{57B71930-24D5-4A4D-B860-35564A3829B5}.Debug|Any CPU.Build.0 = Debug|Any CPU
		{57B71930-24D5-4A4D-B860-35564A3829B5}.Release|Any CPU.ActiveCfg = Release|Any CPU
		{57B71930-24D5-4A4D-B860-35564A3829B5}.Release|Any CPU.Build.0 = Release|Any CPU
		{DF5CF519-AECF-4C1E-97B6-04C63F0E87A2}.Debug|Any CPU.ActiveCfg = Debug|Any CPU
		{DF5CF519-AECF-4C1E-97B6-04C63F0E87A2}.Debug|Any CPU.Build.0 = Debug|Any CPU
		{DF5CF519-AECF-4C1E-97B6-04C63F0E87A2}.Release|Any CPU.ActiveCfg = Release|Any CPU
		{DF5CF519-AECF-4C1E-97B6-04C63F0E87A2}.Release|Any CPU.Build.0 = Release|Any CPU
		{56B255EE-6762-4496-B807-258D6171AD2E}.Debug|Any CPU.ActiveCfg = Debug|Any CPU
		{56B255EE-6762-4496-B807-258D6171AD2E}.Debug|Any CPU.Build.0 = Debug|Any CPU
		{56B255EE-6762-4496-B807-258D6171AD2E}.Release|Any CPU.ActiveCfg = Release|Any CPU
		{56B255EE-6762-4496-B807-258D6171AD2E}.Release|Any CPU.Build.0 = Release|Any CPU
	EndGlobalSection
	GlobalSection(SolutionProperties) = preSolution
		HideSolutionNode = FALSE
	EndGlobalSection
	GlobalSection(ExtensibilityGlobals) = postSolution
		SolutionGuid = {72237702-5AF1-47DE-A4E3-44A1E89F59DF}
	EndGlobalSection
EndGlobal
